
Microsoft Visual Studio Solution File, Format Version 12.00
# Visual Studio Version 16
VisualStudioVersion = 16.0.30611.23
MinimumVisualStudioVersion = 10.0.40219.1
Project("{FAE04EC0-301F-11D3-BF4B-00C04F79EFBC}") = "MusteriApp", "MusteriApp.csproj", "{844123F0-C340-49CE-8857-B76BCFDD5AE5}"
EndProject
Global
	GlobalSection(SolutionConfigurationPlatforms) = preSolution
		Debug|Any CPU = Debug|Any CPU
		Release|Any CPU = Release|Any CPU
	EndGlobalSection
	GlobalSection(ProjectConfigurationPlatforms) = postSolution
		{844123F0-C340-49CE-8857-B76BCFDD5AE5}.Debug|Any CPU.ActiveCfg = Debug|Any CPU
		{844123F0-C340-49CE-8857-B76BCFDD5AE5}.Debug|Any CPU.Build.0 = Debug|Any CPU
		{844123F0-C340-49CE-8857-B76BCFDD5AE5}.Release|Any CPU.ActiveCfg = Release|Any CPU
		{844123F0-C340-49CE-8857-B76BCFDD5AE5}.Release|Any CPU.Build.0 = Release|Any CPU
	EndGlobalSection
	GlobalSection(SolutionProperties) = preSolution
		HideSolutionNode = FALSE
	EndGlobalSection
	GlobalSection(ExtensibilityGlobals) = postSolution
		SolutionGuid = {91F77A5C-B7E1-455A-9692-B0CBB2B0B6B1}
	EndGlobalSection
EndGlobal
